
Microsoft Visual Studio Solution File, Format Version 12.00
# Visual Studio Version 16
VisualStudioVersion = 16.0.31424.327
MinimumVisualStudioVersion = 10.0.40219.1
Project("{FAE04EC0-301F-11D3-BF4B-00C04F79EFBC}") = "NetherlandSportClub.Api", "NetherlandSportClub.Api\NetherlandSportClub.Api.csproj", "{A9283EA1-26AF-49B9-89CC-AD2158F4A415}"
EndProject
Project("{FAE04EC0-301F-11D3-BF4B-00C04F79EFBC}") = "NetherlandSportClub.Service", "NetherlandSportClub.Service\NetherlandSportClub.Service.csproj", "{198E62CD-BEE0-4CE6-86D8-23DE5E310CBA}"
EndProject
Project("{FAE04EC0-301F-11D3-BF4B-00C04F79EFBC}") = "NetherlandSportClub.Core", "NetherlandSportClub.Core\NetherlandSportClub.Core.csproj", "{802AF98C-5359-4E47-B1AC-F74826A6C9CC}"
EndProject
Global
	GlobalSection(SolutionConfigurationPlatforms) = preSolution
		Debug|Any CPU = Debug|Any CPU
		Release|Any CPU = Release|Any CPU
	EndGlobalSection
	GlobalSection(ProjectConfigurationPlatforms) = postSolution
		{A9283EA1-26AF-49B9-89CC-AD2158F4A415}.Debug|Any CPU.ActiveCfg = Debug|Any CPU
		{A9283EA1-26AF-49B9-89CC-AD2158F4A415}.Debug|Any CPU.Build.0 = Debug|Any CPU
		{A9283EA1-26AF-49B9-89CC-AD2158F4A415}.Release|Any CPU.ActiveCfg = Release|Any CPU
		{A9283EA1-26AF-49B9-89CC-AD2158F4A415}.Release|Any CPU.Build.0 = Release|Any CPU
		{198E62CD-BEE0-4CE6-86D8-23DE5E310CBA}.Debug|Any CPU.ActiveCfg = Debug|Any CPU
		{198E62CD-BEE0-4CE6-86D8-23DE5E310CBA}.Debug|Any CPU.Build.0 = Debug|Any CPU
		{198E62CD-BEE0-4CE6-86D8-23DE5E310CBA}.Release|Any CPU.ActiveCfg = Release|Any CPU
		{198E62CD-BEE0-4CE6-86D8-23DE5E310CBA}.Release|Any CPU.Build.0 = Release|Any CPU
		{802AF98C-5359-4E47-B1AC-F74826A6C9CC}.Debug|Any CPU.ActiveCfg = Debug|Any CPU
		{802AF98C-5359-4E47-B1AC-F74826A6C9CC}.Debug|Any CPU.Build.0 = Debug|Any CPU
		{802AF98C-5359-4E47-B1AC-F74826A6C9CC}.Release|Any CPU.ActiveCfg = Release|Any CPU
		{802AF98C-5359-4E47-B1AC-F74826A6C9CC}.Release|Any CPU.Build.0 = Release|Any CPU
	EndGlobalSection
	GlobalSection(SolutionProperties) = preSolution
		HideSolutionNode = FALSE
	EndGlobalSection
	GlobalSection(ExtensibilityGlobals) = postSolution
		SolutionGuid = {54425297-347B-4F0C-A212-060EA763EDC6}
	EndGlobalSection
EndGlobal
